
Microsoft Visual Studio Solution File, Format Version 12.00
# Visual Studio Version 16
VisualStudioVersion = 16.0.31424.327
MinimumVisualStudioVersion = 10.0.40219.1
Project("{FAE04EC0-301F-11D3-BF4B-00C04F79EFBC}") = "RotApplication", "RotApplication\RotApplication.csproj", "{89D8D11C-3E91-49F9-82E6-A11A2746293A}"
EndProject
Global
	GlobalSection(SolutionConfigurationPlatforms) = preSolution
		Debug|Any CPU = Debug|Any CPU
		Release|Any CPU = Release|Any CPU
	EndGlobalSection
	GlobalSection(ProjectConfigurationPlatforms) = postSolution
		{89D8D11C-3E91-49F9-82E6-A11A2746293A}.Debug|Any CPU.ActiveCfg = Debug|Any CPU
		{89D8D11C-3E91-49F9-82E6-A11A2746293A}.Debug|Any CPU.Build.0 = Debug|Any CPU
		{89D8D11C-3E91-49F9-82E6-A11A2746293A}.Release|Any CPU.ActiveCfg = Release|Any CPU
		{89D8D11C-3E91-49F9-82E6-A11A2746293A}.Release|Any CPU.Build.0 = Release|Any CPU
	EndGlobalSection
	GlobalSection(SolutionProperties) = preSolution
		HideSolutionNode = FALSE
	EndGlobalSection
	GlobalSection(ExtensibilityGlobals) = postSolution
		SolutionGuid = {32B22AF5-C5A3-4869-BFA9-DBA35DE2C6AB}
	EndGlobalSection
EndGlobal
